lockfileVersion: '9.0'

settings:
  autoInstallPeers: true
  excludeLinksFromLockfile: false

importers:

  .:
    devDependencies:
      prisma:
        specifier: ^5.22.0
        version: 5.22.0
      turbo:
        specifier: ^2.10.0
        version: 2.10.0
      typescript:
        specifier: ^5.9.3
        version: 5.9.3

packages:

  '@prisma/debug@5.22.0':
    resolution: {integrity: sha512-AUt44v3YJeggO2ZU5BkXI7M4hu9BF2zzH2iF2V5pyXT/lRTyWiElZ7It+bRH1EshoMRxHgpYg4VB6rCM+mG5jQ==}

  '@prisma/engines-version@5.22.0-44.605197351a3c8bdd595af2d2a9bc3025bca48ea2':
    resolution: {integrity: sha512-2PTmxFR2yHW/eB3uqWtcgRcgAbG1rwG9ZriSvQw+nnb7c4uCr3RAcGMb6/zfE88SKlC1Nj2ziUvc96Z379mHgQ==}

  '@prisma/engines@5.22.0':
    resolution: {integrity: sha512-UNjfslWhAt06kVL3CjkuYpHAWSO6L4kDCVPegV6itt7nD1kSJavd3vhgAEhjglLJJKEdJ7oIqDJ+yHk6qO8gPA==}

  '@prisma/fetch-engine@5.22.0':
    resolution: {integrity: sha512-bkrD/Mc2fSvkQBV5EpoFcZ87AvOgDxbG99488a5cexp5Ccny+UM6MAe/UFkUC0wLYD9+9befNOqGiIJhhq+HbA==}

  '@prisma/get-platform@5.22.0':
    resolution: {integrity: sha512-pHhpQdr1UPFpt+zFfnPazhulaZYCUqeIcPpJViYoq9R+D/yw4fjE+CtnsnKzPYm0ddUbeXUzjGVGIRVgPDCk4Q==}

  '@turbo/darwin-64@2.10.0':
    resolution: {integrity: sha512-EwvHThXzpY0KGd1/NAmuewI5D+aVa3Rl/OlxE36yfjUKb/+ySrfJrSlEFt8aD1OXwnnaHnQnPKHFndor0Zxlsg==}
    cpu: [x64]
    os: [darwin]

  '@turbo/darwin-arm64@2.10.0':
    resolution: {integrity: sha512-9d2fTyyG0lf5Wq1bwJA9qUaeecViMkLcdctWaMMmCkxZ/JqypmqOwK3W6vmejeKVgkr06gSoiX8bD+xN5Jpxcg==}
    cpu: [arm64]
    os: [darwin]

  '@turbo/linux-64@2.10.0':
    resolution: {integrity: sha512-sZBtjMuufitanjzi6UssoUpJMnnPlLMcdcJj3m3ptNsSq31Xh7MnjhwA5nWvLDTfEFg8GPcbYFXMo8vSdKRfqQ==}
    cpu: [x64]
    os: [linux]

  '@turbo/linux-arm64@2.10.0':
    resolution: {integrity: sha512-vkq/Z8R+1DQ+kifWFa810IjRy2NNBVvha3cg9sWA3nFh6nnGrHSMnnJKrzH7c/No9kq4Jb55Ru44YKsCSBgrKg==}
    cpu: [arm64]
    os: [linux]

  '@turbo/windows-64@2.10.0':
    resolution: {integrity: sha512-CRUEguLWxFQHptYZS7HjPhNhAFawfea07iR+xAQ5e4klgLrPCMdexBkXwSCwOxqTFknJ7RZFN3gOaADsw+Gttg==}
    cpu: [x64]
    os: [win32]

  '@turbo/windows-arm64@2.10.0':
    resolution: {integrity: sha512-dVHGaf9F8twzgibcBqKoADT/LLqf9++jDb+hq/LPWWaOmRpp4M+/pVOm7vy4z9D++xg8eaxWLT0+wQxFwhYu9A==}
    cpu: [arm64]
    os: [win32]

  fsevents@2.3.3:
    resolution: {integrity: sha512-5xoDfX+fL7faATnagmWPpbFtwh/R77WmMMqqHGS65C3vvB0YHrgF+B1YmZ3441tMj5n63k0212XNoJwzlhffQw==}
    engines: {node: ^8.16.0 || ^10.6.0 || >=11.0.0}
    os: [darwin]

  prisma@5.22.0:
    resolution: {integrity: sha512-vtpjW3XuYCSnMsNVBjLMNkTj6OZbudcPPTPYHqX0CJfpcdWciI1dM8uHETwmDxxiqEwCIE6WvXucWUetJgfu/A==}
    engines: {node: '>=16.13'}
    hasBin: true

  turbo@2.10.0:
    resolution: {integrity: sha512-o016H9PPtuH2deb3mh3Vci3Avfi9UYgM/RONQisY7HnloupP0IFSbFS3gFYJgFJP8nwBrByHWFQIDa8T2zIXPw==}
    hasBin: true

  typescript@5.9.3:
    resolution: {integrity: sha512-jl1vZzPDinLr9eUt3J/t7V6FgNEw9QjvBPdysz9KfQDD41fQrC2Y4vKQdiaUpFT4bXlb1RHhLpp8wtm6M5TgSw==}
    engines: {node: '>=14.17'}
    hasBin: true

snapshots:

  '@prisma/debug@5.22.0': {}

  '@prisma/engines-version@5.22.0-44.605197351a3c8bdd595af2d2a9bc3025bca48ea2': {}

  '@prisma/engines@5.22.0':
    dependencies:
      '@prisma/debug': 5.22.0
      '@prisma/engines-version': 5.22.0-44.605197351a3c8bdd595af2d2a9bc3025bca48ea2
      '@prisma/fetch-engine': 5.22.0
      '@prisma/get-platform': 5.22.0

  '@prisma/fetch-engine@5.22.0':
    dependencies:
      '@prisma/debug': 5.22.0
      '@prisma/engines-version': 5.22.0-44.605197351a3c8bdd595af2d2a9bc3025bca48ea2
      '@prisma/get-platform': 5.22.0

  '@prisma/get-platform@5.22.0':
    dependencies:
      '@prisma/debug': 5.22.0

  '@turbo/darwin-64@2.10.0':
    optional: true

  '@turbo/darwin-arm64@2.10.0':
    optional: true

  '@turbo/linux-64@2.10.0':
    optional: true

  '@turbo/linux-arm64@2.10.0':
    optional: true

  '@turbo/windows-64@2.10.0':
    optional: true

  '@turbo/windows-arm64@2.10.0':
    optional: true

  fsevents@2.3.3:
    optional: true

  prisma@5.22.0:
    dependencies:
      '@prisma/engines': 5.22.0
    optionalDependencies:
      fsevents: 2.3.3

  turbo@2.10.0:
    optionalDependencies:
      '@turbo/darwin-64': 2.10.0
      '@turbo/darwin-arm64': 2.10.0
      '@turbo/linux-64': 2.10.0
      '@turbo/linux-arm64': 2.10.0
      '@turbo/windows-64': 2.10.0
      '@turbo/windows-arm64': 2.10.0

  typescript@5.9.3: {}
